
Microsoft Visual Studio Solution File, Format Version 12.00
# Visual Studio 15
VisualStudioVersion = 15.0.27004.2006
MinimumVisualStudioVersion = 10.0.40219.1
Project("{FAE04EC0-301F-11D3-BF4B-00C04F79EFBC}") = "BankApp", "BankApp\BankApp.csproj", "{03FC4676-3CC1-4822-AC5B-B120AFB30866}"
EndProject
Project("{FAE04EC0-301F-11D3-BF4B-00C04F79EFBC}") = "BankApp.Tests", "BankApp.Tests\BankApp.Tests.csproj", "{84DBEA02-4784-4F2B-8D26-7CB13DA0F992}"
EndProject
Global
	GlobalSection(SolutionConfigurationPlatforms) = preSolution
		Debug|Any CPU = Debug|Any CPU
		Release|Any CPU = Release|Any CPU
	EndGlobalSection
	GlobalSection(ProjectConfigurationPlatforms) = postSolution
		{03FC4676-3CC1-4822-AC5B-B120AFB30866}.Debug|Any CPU.ActiveCfg = Debug|Any CPU
		{03FC4676-3CC1-4822-AC5B-B120AFB30866}.Debug|Any CPU.Build.0 = Debug|Any CPU
		{03FC4676-3CC1-4822-AC5B-B120AFB30866}.Release|Any CPU.ActiveCfg = Release|Any CPU
		{03FC4676-3CC1-4822-AC5B-B120AFB30866}.Release|Any CPU.Build.0 = Release|Any CPU
		{84DBEA02-4784-4F2B-8D26-7CB13DA0F992}.Debug|Any CPU.ActiveCfg = Debug|Any CPU
		{84DBEA02-4784-4F2B-8D26-7CB13DA0F992}.Debug|Any CPU.Build.0 = Debug|Any CPU
		{84DBEA02-4784-4F2B-8D26-7CB13DA0F992}.Release|Any CPU.ActiveCfg = Release|Any CPU
		{84DBEA02-4784-4F2B-8D26-7CB13DA0F992}.Release|Any CPU.Build.0 = Release|Any CPU
	EndGlobalSection
	GlobalSection(SolutionProperties) = preSolution
		HideSolutionNode = FALSE
	EndGlobalSection
	GlobalSection(ExtensibilityGlobals) = postSolution
		SolutionGuid = {488656E3-2134-4773-A645-09E054841B69}
	EndGlobalSection
EndGlobal
